
Microsoft Visual Studio Solution File, Format Version 12.00
# Visual Studio Version 17
VisualStudioVersion = 17.6.33815.320
MinimumVisualStudioVersion = 10.0.40219.1
Project("{FAE04EC0-301F-11D3-BF4B-00C04F79EFBC}") = "OOP & CLASSES", "OOP & CLASSES.csproj", "{FB206374-8025-44BA-A5E6-2E1A357EE212}"
EndProject
Global
	GlobalSection(SolutionConfigurationPlatforms) = preSolution
		Debug|Any CPU = Debug|Any CPU
		Release|Any CPU = Release|Any CPU
	EndGlobalSection
	GlobalSection(ProjectConfigurationPlatforms) = postSolution
		{FB206374-8025-44BA-A5E6-2E1A357EE212}.Debug|Any CPU.ActiveCfg = Debug|Any CPU
		{FB206374-8025-44BA-A5E6-2E1A357EE212}.Debug|Any CPU.Build.0 = Debug|Any CPU
		{FB206374-8025-44BA-A5E6-2E1A357EE212}.Release|Any CPU.ActiveCfg = Release|Any CPU
		{FB206374-8025-44BA-A5E6-2E1A357EE212}.Release|Any CPU.Build.0 = Release|Any CPU
	EndGlobalSection
	GlobalSection(SolutionProperties) = preSolution
		HideSolutionNode = FALSE
	EndGlobalSection
	GlobalSection(ExtensibilityGlobals) = postSolution
		SolutionGuid = {A4DFFD3B-033F-4B4F-AA5A-A2C6E068A0FE}
	EndGlobalSection
EndGlobal
